
Microsoft Visual Studio Solution File, Format Version 12.00
# Visual Studio Version 17
VisualStudioVersion = 17.4.33213.308
MinimumVisualStudioVersion = 10.0.40219.1
Project("{FAE04EC0-301F-11D3-BF4B-00C04F79EFBC}") = "StraightLineGradient", "StraightLineGradient\StraightLineGradient.csproj", "{7CC2BC7A-17CA-4F20-BB51-A797DA357257}"
EndProject
Global
	GlobalSection(SolutionConfigurationPlatforms) = preSolution
		Debug|Any CPU = Debug|Any CPU
		Release|Any CPU = Release|Any CPU
	EndGlobalSection
	GlobalSection(ProjectConfigurationPlatforms) = postSolution
		{7CC2BC7A-17CA-4F20-BB51-A797DA357257}.Debug|Any CPU.ActiveCfg = Debug|Any CPU
		{7CC2BC7A-17CA-4F20-BB51-A797DA357257}.Debug|Any CPU.Build.0 = Debug|Any CPU
		{7CC2BC7A-17CA-4F20-BB51-A797DA357257}.Release|Any CPU.ActiveCfg = Release|Any CPU
		{7CC2BC7A-17CA-4F20-BB51-A797DA357257}.Release|Any CPU.Build.0 = Release|Any CPU
	EndGlobalSection
	GlobalSection(SolutionProperties) = preSolution
		HideSolutionNode = FALSE
	EndGlobalSection
	GlobalSection(ExtensibilityGlobals) = postSolution
		SolutionGuid = {E82177FD-D01F-4E05-8096-C6AA2C38BB2E}
	EndGlobalSection
EndGlobal
